
Microsoft Visual Studio Solution File, Format Version 12.00
# Visual Studio Version 17
VisualStudioVersion = 17.5.002.0
MinimumVisualStudioVersion = 10.0.40219.1
Project("{2150E333-8FDC-42A3-9474-1A3956D46DE8}") = "src", "src", "{17277CF5-2FE7-4A57-BC1C-40A9788AC079}"
EndProject
Project("{9A19103F-16F7-4668-BE54-9A1E7A4F7556}") = "middlewares", "src\middlewares\middlewares.csproj", "{A63F5B1B-FA47-4AB3-9F11-6CABE2355711}"
EndProject
Project("{2150E333-8FDC-42A3-9474-1A3956D46DE8}") = "gateways", "gateways", "{8F45EF87-4C26-4B0F-8F2A-869E233E2C82}"
EndProject
Project("{9A19103F-16F7-4668-BE54-9A1E7A4F7556}") = "BackendGateway", "src\gateways\BackendGateway\BackendGateway.csproj", "{D071600C-0256-455A-8D39-3DB97E0494A5}"
EndProject
Global
	GlobalSection(SolutionConfigurationPlatforms) = preSolution
		Debug|Any CPU = Debug|Any CPU
		Release|Any CPU = Release|Any CPU
	EndGlobalSection
	GlobalSection(ProjectConfigurationPlatforms) = postSolution
		{A63F5B1B-FA47-4AB3-9F11-6CABE2355711}.Debug|Any CPU.ActiveCfg = Debug|Any CPU
		{A63F5B1B-FA47-4AB3-9F11-6CABE2355711}.Debug|Any CPU.Build.0 = Debug|Any CPU
		{A63F5B1B-FA47-4AB3-9F11-6CABE2355711}.Release|Any CPU.ActiveCfg = Release|Any CPU
		{A63F5B1B-FA47-4AB3-9F11-6CABE2355711}.Release|Any CPU.Build.0 = Release|Any CPU
		{D071600C-0256-455A-8D39-3DB97E0494A5}.Debug|Any CPU.ActiveCfg = Debug|Any CPU
		{D071600C-0256-455A-8D39-3DB97E0494A5}.Debug|Any CPU.Build.0 = Debug|Any CPU
		{D071600C-0256-455A-8D39-3DB97E0494A5}.Release|Any CPU.ActiveCfg = Release|Any CPU
		{D071600C-0256-455A-8D39-3DB97E0494A5}.Release|Any CPU.Build.0 = Release|Any CPU
	EndGlobalSection
	GlobalSection(SolutionProperties) = preSolution
		HideSolutionNode = FALSE
	EndGlobalSection
	GlobalSection(NestedProjects) = preSolution
		{A63F5B1B-FA47-4AB3-9F11-6CABE2355711} = {17277CF5-2FE7-4A57-BC1C-40A9788AC079}
		{8F45EF87-4C26-4B0F-8F2A-869E233E2C82} = {17277CF5-2FE7-4A57-BC1C-40A9788AC079}
		{D071600C-0256-455A-8D39-3DB97E0494A5} = {8F45EF87-4C26-4B0F-8F2A-869E233E2C82}
	EndGlobalSection
	GlobalSection(ExtensibilityGlobals) = postSolution
		SolutionGuid = {E8246803-F820-4537-AD15-3AB4CDB75AC9}
	EndGlobalSection
EndGlobal
